
Microsoft Visual Studio Solution File, Format Version 12.00
# Visual Studio 15
VisualStudioVersion = 15.0.28307.168
MinimumVisualStudioVersion = 10.0.40219.1
Project("{FAE04EC0-301F-11D3-BF4B-00C04F79EFBC}") = "SignalRChat", "SignalRChat\SignalRChat.csproj", "{86D68252-1689-499F-9C27-F7F4C6ACB9A6}"
EndProject
Global
	GlobalSection(SolutionConfigurationPlatforms) = preSolution
		Debug|Any CPU = Debug|Any CPU
		Release|Any CPU = Release|Any CPU
	EndGlobalSection
	GlobalSection(ProjectConfigurationPlatforms) = postSolution
		{86D68252-1689-499F-9C27-F7F4C6ACB9A6}.Debug|Any CPU.ActiveCfg = Debug|Any CPU
		{86D68252-1689-499F-9C27-F7F4C6ACB9A6}.Debug|Any CPU.Build.0 = Debug|Any CPU
		{86D68252-1689-499F-9C27-F7F4C6ACB9A6}.Release|Any CPU.ActiveCfg = Release|Any CPU
		{86D68252-1689-499F-9C27-F7F4C6ACB9A6}.Release|Any CPU.Build.0 = Release|Any CPU
	EndGlobalSection
	GlobalSection(SolutionProperties) = preSolution
		HideSolutionNode = FALSE
	EndGlobalSection
	GlobalSection(ExtensibilityGlobals) = postSolution
		SolutionGuid = {6754E4C7-2F09-4A4F-B93D-08A898099EE6}
	EndGlobalSection
EndGlobal
